
Microsoft Visual Studio Solution File, Format Version 12.00
# Visual Studio Version 16
VisualStudioVersion = 16.0.29102.190
MinimumVisualStudioVersion = 10.0.40219.1
Project("{8BC9CEB8-8B4A-11D0-8D11-00A0C91BC942}") = "ScreenDuoDriver", "ScreenDuoDriver\ScreenDuoDriver.vcxproj", "{40696ABB-A6BD-41F4-9EF9-6D6CB70CC0A2}"
EndProject
Project("{8BC9CEB8-8B4A-11D0-8D11-00A0C91BC942}") = "ScreenDuoUMDF", "ScreenDuoUMDF\ScreenDuoUMDF.vcxproj", "{4370470A-5B48-4A62-AB0B-9E712A746DD9}"
EndProject
Project("{8BC9CEB8-8B4A-11D0-8D11-00A0C91BC942}") = "ScreenDUOUsbTestApp", "ScreenDUOUsbTestApp\ScreenDUOUsbTestApp.vcxproj", "{AC2988CF-8420-49F4-9478-7753BA4A7960}"
EndProject
Global
	GlobalSection(SolutionConfigurationPlatforms) = preSolution
		Debug|ARM = Debug|ARM
		Debug|ARM64 = Debug|ARM64
		Debug|x64 = Debug|x64
		Debug|x86 = Debug|x86
		Release|ARM = Release|ARM
		Release|ARM64 = Release|ARM64
		Release|x64 = Release|x64
		Release|x86 = Release|x86
	EndGlobalSection
	GlobalSection(ProjectConfigurationPlatforms) = postSolution
		{40696ABB-A6BD-41F4-9EF9-6D6CB70CC0A2}.Debug|ARM.ActiveCfg = Debug|ARM
		{40696ABB-A6BD-41F4-9EF9-6D6CB70CC0A2}.Debug|ARM.Build.0 = Debug|ARM
		{40696ABB-A6BD-41F4-9EF9-6D6CB70CC0A2}.Debug|ARM.Deploy.0 = Debug|ARM
		{40696ABB-A6BD-41F4-9EF9-6D6CB70CC0A2}.Debug|ARM64.ActiveCfg = Debug|ARM64
		{40696ABB-A6BD-41F4-9EF9-6D6CB70CC0A2}.Debug|ARM64.Build.0 = Debug|ARM64
		{40696ABB-A6BD-41F4-9EF9-6D6CB70CC0A2}.Debug|ARM64.Deploy.0 = Debug|ARM64
		{40696ABB-A6BD-41F4-9EF9-6D6CB70CC0A2}.Debug|x64.ActiveCfg = Debug|x64
		{40696ABB-A6BD-41F4-9EF9-6D6CB70CC0A2}.Debug|x64.Build.0 = Debug|x64
		{40696ABB-A6BD-41F4-9EF9-6D6CB70CC0A2}.Debug|x64.Deploy.0 = Debug|x64
		{40696ABB-A6BD-41F4-9EF9-6D6CB70CC0A2}.Debug|x86.ActiveCfg = Debug|Win32
		{40696ABB-A6BD-41F4-9EF9-6D6CB70CC0A2}.Debug|x86.Build.0 = Debug|Win32
		{40696ABB-A6BD-41F4-9EF9-6D6CB70CC0A2}.Debug|x86.Deploy.0 = Debug|Win32
		{40696ABB-A6BD-41F4-9EF9-6D6CB70CC0A2}.Release|ARM.ActiveCfg = Release|ARM
		{40696ABB-A6BD-41F4-9EF9-6D6CB70CC0A2}.Release|ARM.Build.0 = Release|ARM
		{40696ABB-A6BD-41F4-9EF9-6D6CB70CC0A2}.Release|ARM.Deploy.0 = Release|ARM
		{40696ABB-A6BD-41F4-9EF9-6D6CB70CC0A2}.Release|ARM64.ActiveCfg = Release|ARM64
		{40696ABB-A6BD-41F4-9EF9-6D6CB70CC0A2}.Release|ARM64.Build.0 = Release|ARM64
		{40696ABB-A6BD-41F4-9EF9-6D6CB70CC0A2}.Release|ARM64.Deploy.0 = Release|ARM64
		{40696ABB-A6BD-41F4-9EF9-6D6CB70CC0A2}.Release|x64.ActiveCfg = Release|x64
		{40696ABB-A6BD-41F4-9EF9-6D6CB70CC0A2}.Release|x64.Build.0 = Release|x64
		{40696ABB-A6BD-41F4-9EF9-6D6CB70CC0A2}.Release|x64.Deploy.0 = Release|x64
		{40696ABB-A6BD-41F4-9EF9-6D6CB70CC0A2}.Release|x86.ActiveCfg = Release|Win32
		{40696ABB-A6BD-41F4-9EF9-6D6CB70CC0A2}.Release|x86.Build.0 = Release|Win32
		{40696ABB-A6BD-41F4-9EF9-6D6CB70CC0A2}.Release|x86.Deploy.0 = Release|Win32
		{4370470A-5B48-4A62-AB0B-9E712A746DD9}.Debug|ARM.ActiveCfg = Debug|ARM
		{4370470A-5B48-4A62-AB0B-9E712A746DD9}.Debug|ARM.Build.0 = Debug|ARM
		{4370470A-5B48-4A62-AB0B-9E712A746DD9}.Debug|ARM.Deploy.0 = Debug|ARM
		{4370470A-5B48-4A62-AB0B-9E712A746DD9}.Debug|ARM64.ActiveCfg = Debug|ARM64
		{4370470A-5B48-4A62-AB0B-9E712A746DD9}.Debug|ARM64.Build.0 = Debug|ARM64
		{4370470A-5B48-4A62-AB0B-9E712A746DD9}.Debug|ARM64.Deploy.0 = Debug|ARM64
		{4370470A-5B48-4A62-AB0B-9E712A746DD9}.Debug|x64.ActiveCfg = Debug|x64
		{4370470A-5B48-4A62-AB0B-9E712A746DD9}.Debug|x64.Build.0 = Debug|x64
		{4370470A-5B48-4A62-AB0B-9E712A746DD9}.Debug|x64.Deploy.0 = Debug|x64
		{4370470A-5B48-4A62-AB0B-9E712A746DD9}.Debug|x86.ActiveCfg = Debug|Win32
		{4370470A-5B48-4A62-AB0B-9E712A746DD9}.Debug|x86.Build.0 = Debug|Win32
		{4370470A-5B48-4A62-AB0B-9E712A746DD9}.Debug|x86.Deploy.0 = Debug|Win32
		{4370470A-5B48-4A62-AB0B-9E712A746DD9}.Release|ARM.ActiveCfg = Release|ARM
		{4370470A-5B48-4A62-AB0B-9E712A746DD9}.Release|ARM.Build.0 = Release|ARM
		{4370470A-5B48-4A62-AB0B-9E712A746DD9}.Release|ARM.Deploy.0 = Release|ARM
		{4370470A-5B48-4A62-AB0B-9E712A746DD9}.Release|ARM64.ActiveCfg = Release|ARM64
		{4370470A-5B48-4A62-AB0B-9E712A746DD9}.Release|ARM64.Build.0 = Release|ARM64
		{4370470A-5B48-4A62-AB0B-9E712A746DD9}.Release|ARM64.Deploy.0 = Release|ARM64
		{4370470A-5B48-4A62-AB0B-9E712A746DD9}.Release|x64.ActiveCfg = Release|x64
		{4370470A-5B48-4A62-AB0B-9E712A746DD9}.Release|x64.Build.0 = Release|x64
		{4370470A-5B48-4A62-AB0B-9E712A746DD9}.Release|x64.Deploy.0 = Release|x64
		{4370470A-5B48-4A62-AB0B-9E712A746DD9}.Release|x86.ActiveCfg = Release|Win32
		{4370470A-5B48-4A62-AB0B-9E712A746DD9}.Release|x86.Build.0 = Release|Win32
		{4370470A-5B48-4A62-AB0B-9E712A746DD9}.Release|x86.Deploy.0 = Release|Win32
		{AC2988CF-8420-49F4-9478-7753BA4A7960}.Debug|ARM.ActiveCfg = Debug|ARM
		{AC2988CF-8420-49F4-9478-7753BA4A7960}.Debug|ARM.Build.0 = Debug|ARM
		{AC2988CF-8420-49F4-9478-7753BA4A7960}.Debug|ARM64.ActiveCfg = Debug|ARM64
		{AC2988CF-8420-49F4-9478-7753BA4A7960}.Debug|ARM64.Build.0 = Debug|ARM64
		{AC2988CF-8420-49F4-9478-7753BA4A7960}.Debug|x64.ActiveCfg = Debug|x64
		{AC2988CF-8420-49F4-9478-7753BA4A7960}.Debug|x64.Build.0 = Debug|x64
		{AC2988CF-8420-49F4-9478-7753BA4A7960}.Debug|x86.ActiveCfg = Debug|Win32
		{AC2988CF-8420-49F4-9478-7753BA4A7960}.Debug|x86.Build.0 = Debug|Win32
		{AC2988CF-8420-49F4-9478-7753BA4A7960}.Release|ARM.ActiveCfg = Release|ARM
		{AC2988CF-8420-49F4-9478-7753BA4A7960}.Release|ARM.Build.0 = Release|ARM
		{AC2988CF-8420-49F4-9478-7753BA4A7960}.Release|ARM64.ActiveCfg = Release|ARM64
		{AC2988CF-8420-49F4-9478-7753BA4A7960}.Release|ARM64.Build.0 = Release|ARM64
		{AC2988CF-8420-49F4-9478-7753BA4A7960}.Release|x64.ActiveCfg = Release|x64
		{AC2988CF-8420-49F4-9478-7753BA4A7960}.Release|x64.Build.0 = Release|x64
		{AC2988CF-8420-49F4-9478-7753BA4A7960}.Release|x86.ActiveCfg = Release|Win32
		{AC2988CF-8420-49F4-9478-7753BA4A7960}.Release|x86.Build.0 = Release|Win32
	EndGlobalSection
	GlobalSection(SolutionProperties) = preSolution
		HideSolutionNode = FALSE
	EndGlobalSection
	GlobalSection(ExtensibilityGlobals) = postSolution
		SolutionGuid = {4C6292FC-D116-4E80-9DA9-8619AB7AEB08}
	EndGlobalSection
EndGlobal
